Microsoft Visual Studio Solution File, Format Version 12.00
# Visual Studio Version 17
VisualStudioVersion = 17.5.2.0
MinimumVisualStudioVersion = 10.0.40219.1
Project("{FAE04EC0-301F-11D3-BF4B-00C04F79EFBC}") = "api", "api\api.csproj", "{CBFA08EA-AECE-205F-7B85-326FD0B81BAD}"
EndProject
Project("{2150E333-8FDC-42A3-9474-1A3956D46DE8}") = "shared", "shared", "{00700662-ABE6-4447-8FF6-50051E4F5F00}"
EndProject
Project("{FAE04EC0-301F-11D3-BF4B-00C04F79EFBC}") = "SemanticKernelExtension", "shared\SemanticKernelExtensions\SemanticKernelExtension\SemanticKernelExtension.csproj", "{7D11EAF1-44B5-4BA8-852C-B26E1683786A}"
EndProject
Project("{FAE04EC0-301F-11D3-BF4B-00C04F79EFBC}") = "AppExtensions", "shared\AppExtensions\AppExtensions.csproj", "{6E5C9A55-3320-4418-8103-9832AF351043}"
EndProject
Project("{FAE04EC0-301F-11D3-BF4B-00C04F79EFBC}") = "YamlConfigurations", "shared\YamlConfigurations\YamlConfigurations.csproj", "{96C99A81-8C45-7891-2D9C-DFC939D2C7BA}"
EndProject
Project("{FAE04EC0-301F-11D3-BF4B-00C04F79EFBC}") = "WebSocketMessages", "shared\WebSocketMessages\WebSocketMessages.csproj", "{4CAE04D1-0B8E-48BB-A8B7-9D08BC20A81B}"
EndProject
Global
	GlobalSection(SolutionConfigurationPlatforms) = preSolution
		Debug|Any CPU = Debug|Any CPU
		Release|Any CPU = Release|Any CPU
	EndGlobalSection
	GlobalSection(ProjectConfigurationPlatforms) = postSolution
		{CBFA08EA-AECE-205F-7B85-326FD0B81BAD}.Debug|Any CPU.ActiveCfg = Debug|Any CPU
		{CBFA08EA-AECE-205F-7B85-326FD0B81BAD}.Debug|Any CPU.Build.0 = Debug|Any CPU
		{CBFA08EA-AECE-205F-7B85-326FD0B81BAD}.Release|Any CPU.ActiveCfg = Release|Any CPU
		{CBFA08EA-AECE-205F-7B85-326FD0B81BAD}.Release|Any CPU.Build.0 = Release|Any CPU
		{7D11EAF1-44B5-4BA8-852C-B26E1683786A}.Debug|Any CPU.ActiveCfg = Debug|Any CPU
		{7D11EAF1-44B5-4BA8-852C-B26E1683786A}.Debug|Any CPU.Build.0 = Debug|Any CPU
		{7D11EAF1-44B5-4BA8-852C-B26E1683786A}.Release|Any CPU.ActiveCfg = Release|Any CPU
		{7D11EAF1-44B5-4BA8-852C-B26E1683786A}.Release|Any CPU.Build.0 = Release|Any CPU
		{6E5C9A55-3320-4418-8103-9832AF351043}.Debug|Any CPU.ActiveCfg = Debug|Any CPU
		{6E5C9A55-3320-4418-8103-9832AF351043}.Debug|Any CPU.Build.0 = Debug|Any CPU
		{6E5C9A55-3320-4418-8103-9832AF351043}.Release|Any CPU.ActiveCfg = Release|Any CPU
		{6E5C9A55-3320-4418-8103-9832AF351043}.Release|Any CPU.Build.0 = Release|Any CPU
		{96C99A81-8C45-7891-2D9C-DFC939D2C7BA}.Debug|Any CPU.ActiveCfg = Debug|Any CPU
		{96C99A81-8C45-7891-2D9C-DFC939D2C7BA}.Debug|Any CPU.Build.0 = Debug|Any CPU
		{96C99A81-8C45-7891-2D9C-DFC939D2C7BA}.Release|Any CPU.ActiveCfg = Release|Any CPU
		{96C99A81-8C45-7891-2D9C-DFC939D2C7BA}.Release|Any CPU.Build.0 = Release|Any CPU
		{4CAE04D1-0B8E-48BB-A8B7-9D08BC20A81B}.Debug|Any CPU.ActiveCfg = Debug|Any CPU
		{4CAE04D1-0B8E-48BB-A8B7-9D08BC20A81B}.Debug|Any CPU.Build.0 = Debug|Any CPU
		{4CAE04D1-0B8E-48BB-A8B7-9D08BC20A81B}.Release|Any CPU.ActiveCfg = Release|Any CPU
		{4CAE04D1-0B8E-48BB-A8B7-9D08BC20A81B}.Release|Any CPU.Build.0 = Release|Any CPU
	EndGlobalSection
	GlobalSection(SolutionProperties) = preSolution
		HideSolutionNode = FALSE
	EndGlobalSection
	GlobalSection(NestedProjects) = preSolution
		{7D11EAF1-44B5-4BA8-852C-B26E1683786A} = {00700662-ABE6-4447-8FF6-50051E4F5F00}
		{6E5C9A55-3320-4418-8103-9832AF351043} = {00700662-ABE6-4447-8FF6-50051E4F5F00}
		{96C99A81-8C45-7891-2D9C-DFC939D2C7BA} = {00700662-ABE6-4447-8FF6-50051E4F5F00}
		{4CAE04D1-0B8E-48BB-A8B7-9D08BC20A81B} = {00700662-ABE6-4447-8FF6-50051E4F5F00}
	EndGlobalSection
	GlobalSection(ExtensibilityGlobals) = postSolution
		SolutionGuid = {C1D7BA89-AE71-434A-A7AF-3D47C5E918EF}
	EndGlobalSection
EndGlobal
